
Microsoft Visual Studio Solution File, Format Version 12.00
# Visual Studio Version 17
VisualStudioVersion = 17.9.34728.123
MinimumVisualStudioVersion = 10.0.40219.1
Project("{9A19103F-16F7-4668-BE54-9A1E7A4F7556}") = "BlazorBootstrap_Car", "BlazorBootstrap_Car\BlazorBootstrap_Car.csproj", "{7C4318A0-99D1-42A0-96AB-E932A3AE0B81}"
EndProject
Global
	GlobalSection(SolutionConfigurationPlatforms) = preSolution
		Debug|Any CPU = Debug|Any CPU
		Release|Any CPU = Release|Any CPU
	EndGlobalSection
	GlobalSection(ProjectConfigurationPlatforms) = postSolution
		{7C4318A0-99D1-42A0-96AB-E932A3AE0B81}.Debug|Any CPU.ActiveCfg = Debug|Any CPU
		{7C4318A0-99D1-42A0-96AB-E932A3AE0B81}.Debug|Any CPU.Build.0 = Debug|Any CPU
		{7C4318A0-99D1-42A0-96AB-E932A3AE0B81}.Release|Any CPU.ActiveCfg = Release|Any CPU
		{7C4318A0-99D1-42A0-96AB-E932A3AE0B81}.Release|Any CPU.Build.0 = Release|Any CPU
	EndGlobalSection
	GlobalSection(SolutionProperties) = preSolution
		HideSolutionNode = FALSE
	EndGlobalSection
	GlobalSection(ExtensibilityGlobals) = postSolution
		SolutionGuid = {38D0DC83-9CBB-483A-84DD-CAE59AB4441F}
	EndGlobalSection
EndGlobal
